
Microsoft Visual Studio Solution File, Format Version 12.00
# Visual Studio 2012
Project("{FAE04EC0-301F-11D3-BF4B-00C04F79EFBC}") = "01-GreetingApp", "01-GreetingApp\01-GreetingApp.csproj", "{FAB4C87D-5169-494A-BD1E-FDD17A7478BB}"
EndProject
Project("{FAE04EC0-301F-11D3-BF4B-00C04F79EFBC}") = "01_GreetingApp_Tests", "01_GreetingApp_Tests\01_GreetingApp_Tests.csproj", "{51C1FA3A-B73D-4800-8883-9BCE15B7EDEC}"
EndProject
Global
	GlobalSection(SolutionConfigurationPlatforms) = preSolution
		Debug|Any CPU = Debug|Any CPU
		Release|Any CPU = Release|Any CPU
	EndGlobalSection
	GlobalSection(ProjectConfigurationPlatforms) = postSolution
		{FAB4C87D-5169-494A-BD1E-FDD17A7478BB}.Debug|Any CPU.ActiveCfg = Debug|Any CPU
		{FAB4C87D-5169-494A-BD1E-FDD17A7478BB}.Debug|Any CPU.Build.0 = Debug|Any CPU
		{FAB4C87D-5169-494A-BD1E-FDD17A7478BB}.Release|Any CPU.ActiveCfg = Release|Any CPU
		{FAB4C87D-5169-494A-BD1E-FDD17A7478BB}.Release|Any CPU.Build.0 = Release|Any CPU
		{51C1FA3A-B73D-4800-8883-9BCE15B7EDEC}.Debug|Any CPU.ActiveCfg = Debug|Any CPU
		{51C1FA3A-B73D-4800-8883-9BCE15B7EDEC}.Debug|Any CPU.Build.0 = Debug|Any CPU
		{51C1FA3A-B73D-4800-8883-9BCE15B7EDEC}.Release|Any CPU.ActiveCfg = Release|Any CPU
		{51C1FA3A-B73D-4800-8883-9BCE15B7EDEC}.Release|Any CPU.Build.0 = Release|Any CPU
	EndGlobalSection
	GlobalSection(SolutionProperties) = preSolution
		HideSolutionNode = FALSE
	EndGlobalSection
EndGlobal
