
Microsoft Visual Studio Solution File, Format Version 12.00
# Visual Studio 2012
Project("{FAE04EC0-301F-11D3-BF4B-00C04F79EFBC}") = "BugTracker", "BugTracker\BugTracker.csproj", "{E93F2FC8-A493-4709-B4FD-6CA0C6089489}"
EndProject
Project("{FAE04EC0-301F-11D3-BF4B-00C04F79EFBC}") = "BugTracker.Tests", "BugTracker.Tests\BugTracker.Tests.csproj", "{7912BFA2-F6CD-41CC-9B60-4154955D9B47}"
EndProject
Global
	GlobalSection(SolutionConfigurationPlatforms) = preSolution
		Debug|Any CPU = Debug|Any CPU
		Release|Any CPU = Release|Any CPU
	EndGlobalSection
	GlobalSection(ProjectConfigurationPlatforms) = postSolution
		{E93F2FC8-A493-4709-B4FD-6CA0C6089489}.Debug|Any CPU.ActiveCfg = Debug|Any CPU
		{E93F2FC8-A493-4709-B4FD-6CA0C6089489}.Debug|Any CPU.Build.0 = Debug|Any CPU
		{E93F2FC8-A493-4709-B4FD-6CA0C6089489}.Release|Any CPU.ActiveCfg = Release|Any CPU
		{E93F2FC8-A493-4709-B4FD-6CA0C6089489}.Release|Any CPU.Build.0 = Release|Any CPU
		{7912BFA2-F6CD-41CC-9B60-4154955D9B47}.Debug|Any CPU.ActiveCfg = Debug|Any CPU
		{7912BFA2-F6CD-41CC-9B60-4154955D9B47}.Debug|Any CPU.Build.0 = Debug|Any CPU
		{7912BFA2-F6CD-41CC-9B60-4154955D9B47}.Release|Any CPU.ActiveCfg = Release|Any CPU
		{7912BFA2-F6CD-41CC-9B60-4154955D9B47}.Release|Any CPU.Build.0 = Release|Any CPU
	EndGlobalSection
	GlobalSection(SolutionProperties) = preSolution
		HideSolutionNode = FALSE
	EndGlobalSection
EndGlobal
