
Microsoft Visual Studio Solution File, Format Version 12.00
# Visual Studio 14
VisualStudioVersion = 14.0.25420.1
MinimumVisualStudioVersion = 10.0.40219.1
Project("{FAE04EC0-301F-11D3-BF4B-00C04F79EFBC}") = "BugTracker", "BugTracker\BugTracker.csproj", "{C9D01F46-CAC1-4672-8371-DF3C921219B8}"
EndProject
Project("{FAE04EC0-301F-11D3-BF4B-00C04F79EFBC}") = "BugTracker.Tests", "BugTracker.Tests\BugTracker.Tests.csproj", "{F9D6A75B-A302-4743-AFF3-F528D2E06BFE}"
EndProject
Global
	GlobalSection(SolutionConfigurationPlatforms) = preSolution
		Debug|Any CPU = Debug|Any CPU
		Release|Any CPU = Release|Any CPU
	EndGlobalSection
	GlobalSection(ProjectConfigurationPlatforms) = postSolution
		{C9D01F46-CAC1-4672-8371-DF3C921219B8}.Debug|Any CPU.ActiveCfg = Debug|Any CPU
		{C9D01F46-CAC1-4672-8371-DF3C921219B8}.Debug|Any CPU.Build.0 = Debug|Any CPU
		{C9D01F46-CAC1-4672-8371-DF3C921219B8}.Release|Any CPU.ActiveCfg = Release|Any CPU
		{C9D01F46-CAC1-4672-8371-DF3C921219B8}.Release|Any CPU.Build.0 = Release|Any CPU
		{F9D6A75B-A302-4743-AFF3-F528D2E06BFE}.Debug|Any CPU.ActiveCfg = Debug|Any CPU
		{F9D6A75B-A302-4743-AFF3-F528D2E06BFE}.Debug|Any CPU.Build.0 = Debug|Any CPU
		{F9D6A75B-A302-4743-AFF3-F528D2E06BFE}.Release|Any CPU.ActiveCfg = Release|Any CPU
		{F9D6A75B-A302-4743-AFF3-F528D2E06BFE}.Release|Any CPU.Build.0 = Release|Any CPU
	EndGlobalSection
	GlobalSection(SolutionProperties) = preSolution
		HideSolutionNode = FALSE
	EndGlobalSection
EndGlobal
